
Microsoft Visual Studio Solution File, Format Version 12.00
# Visual Studio Version 17
VisualStudioVersion = 17.0.31903.59
MinimumVisualStudioVersion = 10.0.40219.1
Project("{FAE04EC0-301F-11D3-BF4B-00C04F79EFBC}") = "MeshCore.Net.SDK", "MeshCore.Net.SDK\MeshCore.Net.SDK.csproj", "{BC8323E5-84E2-4EAD-AB4B-84E599D67BDC}"
EndProject
Project("{FAE04EC0-301F-11D3-BF4B-00C04F79EFBC}") = "MeshCore.Net.SDK.Tests", "MeshCore.Net.SDK.Tests\MeshCore.Net.SDK.Tests.csproj", "{A81B65DE-0BF4-4A88-9EBA-914BE17C4978}"
EndProject
Project("{FAE04EC0-301F-11D3-BF4B-00C04F79EFBC}") = "MeshCore.Net.SDK.Demo", "MeshCore.Net.SDK.Demo\MeshCore.Net.SDK.Demo.csproj", "{562BF475-36DB-4A46-9C87-4C7D8C15E254}"
EndProject
Global
	GlobalSection(SolutionConfigurationPlatforms) = preSolution
		Debug|Any CPU = Debug|Any CPU
		Debug|x64 = Debug|x64
		Debug|x86 = Debug|x86
		Release|Any CPU = Release|Any CPU
		Release|x64 = Release|x64
		Release|x86 = Release|x86
	EndGlobalSection
	GlobalSection(ProjectConfigurationPlatforms) = postSolution
		{BC8323E5-84E2-4EAD-AB4B-84E599D67BDC}.Debug|Any CPU.ActiveCfg = Debug|Any CPU
		{BC8323E5-84E2-4EAD-AB4B-84E599D67BDC}.Debug|Any CPU.Build.0 = Debug|Any CPU
		{BC8323E5-84E2-4EAD-AB4B-84E599D67BDC}.Debug|x64.ActiveCfg = Debug|Any CPU
		{BC8323E5-84E2-4EAD-AB4B-84E599D67BDC}.Debug|x64.Build.0 = Debug|Any CPU
		{BC8323E5-84E2-4EAD-AB4B-84E599D67BDC}.Debug|x86.ActiveCfg = Debug|Any CPU
		{BC8323E5-84E2-4EAD-AB4B-84E599D67BDC}.Debug|x86.Build.0 = Debug|Any CPU
		{BC8323E5-84E2-4EAD-AB4B-84E599D67BDC}.Release|Any CPU.ActiveCfg = Release|Any CPU
		{BC8323E5-84E2-4EAD-AB4B-84E599D67BDC}.Release|Any CPU.Build.0 = Release|Any CPU
		{BC8323E5-84E2-4EAD-AB4B-84E599D67BDC}.Release|x64.ActiveCfg = Release|Any CPU
		{BC8323E5-84E2-4EAD-AB4B-84E599D67BDC}.Release|x64.Build.0 = Release|Any CPU
		{BC8323E5-84E2-4EAD-AB4B-84E599D67BDC}.Release|x86.ActiveCfg = Release|Any CPU
		{BC8323E5-84E2-4EAD-AB4B-84E599D67BDC}.Release|x86.Build.0 = Release|Any CPU
		{A81B65DE-0BF4-4A88-9EBA-914BE17C4978}.Debug|Any CPU.ActiveCfg = Debug|Any CPU
		{A81B65DE-0BF4-4A88-9EBA-914BE17C4978}.Debug|Any CPU.Build.0 = Debug|Any CPU
		{A81B65DE-0BF4-4A88-9EBA-914BE17C4978}.Debug|x64.ActiveCfg = Debug|Any CPU
		{A81B65DE-0BF4-4A88-9EBA-914BE17C4978}.Debug|x64.Build.0 = Debug|Any CPU
		{A81B65DE-0BF4-4A88-9EBA-914BE17C4978}.Debug|x86.ActiveCfg = Debug|Any CPU
		{A81B65DE-0BF4-4A88-9EBA-914BE17C4978}.Debug|x86.Build.0 = Debug|Any CPU
		{A81B65DE-0BF4-4A88-9EBA-914BE17C4978}.Release|Any CPU.ActiveCfg = Release|Any CPU
		{A81B65DE-0BF4-4A88-9EBA-914BE17C4978}.Release|Any CPU.Build.0 = Release|Any CPU
		{A81B65DE-0BF4-4A88-9EBA-914BE17C4978}.Release|x64.ActiveCfg = Release|Any CPU
		{A81B65DE-0BF4-4A88-9EBA-914BE17C4978}.Release|x64.Build.0 = Release|Any CPU
		{A81B65DE-0BF4-4A88-9EBA-914BE17C4978}.Release|x86.ActiveCfg = Release|Any CPU
		{A81B65DE-0BF4-4A88-9EBA-914BE17C4978}.Release|x86.Build.0 = Release|Any CPU
		{562BF475-36DB-4A46-9C87-4C7D8C15E254}.Debug|Any CPU.ActiveCfg = Debug|Any CPU
		{562BF475-36DB-4A46-9C87-4C7D8C15E254}.Debug|Any CPU.Build.0 = Debug|Any CPU
		{562BF475-36DB-4A46-9C87-4C7D8C15E254}.Debug|x64.ActiveCfg = Debug|Any CPU
		{562BF475-36DB-4A46-9C87-4C7D8C15E254}.Debug|x64.Build.0 = Debug|Any CPU
		{562BF475-36DB-4A46-9C87-4C7D8C15E254}.Debug|x86.ActiveCfg = Debug|Any CPU
		{562BF475-36DB-4A46-9C87-4C7D8C15E254}.Debug|x86.Build.0 = Debug|Any CPU
		{562BF475-36DB-4A46-9C87-4C7D8C15E254}.Release|Any CPU.ActiveCfg = Release|Any CPU
		{562BF475-36DB-4A46-9C87-4C7D8C15E254}.Release|Any CPU.Build.0 = Release|Any CPU
		{562BF475-36DB-4A46-9C87-4C7D8C15E254}.Release|x64.ActiveCfg = Release|Any CPU
		{562BF475-36DB-4A46-9C87-4C7D8C15E254}.Release|x64.Build.0 = Release|Any CPU
		{562BF475-36DB-4A46-9C87-4C7D8C15E254}.Release|x86.ActiveCfg = Release|Any CPU
		{562BF475-36DB-4A46-9C87-4C7D8C15E254}.Release|x86.Build.0 = Release|Any CPU
	EndGlobalSection
	GlobalSection(SolutionProperties) = preSolution
		HideSolutionNode = FALSE
	EndGlobalSection
EndGlobal
